<Solution>
  <Configurations>
    <Platform Name="Any CPU" />
    <Platform Name="x64" />
    <Platform Name="x86" />
  </Configurations>
  <Folder Name="/src/">
    <Project Path="src/Kayord.Pos/Kayord.Pos.csproj" />
  </Folder>
  <Folder Name="/tests/">
    <Project Path="tests/Integration/Integration.csproj" />
    <Project Path="tests/Unit/Unit.csproj" />
  </Folder>
</Solution>
